
Microsoft Visual Studio Solution File, Format Version 12.00
# Visual Studio Version 16
VisualStudioVersion = 16.0.31515.178
MinimumVisualStudioVersion = 10.0.40219.1
Project("{FAE04EC0-301F-11D3-BF4B-00C04F79EFBC}") = "MmmCommerceAPI", "MmmCommerceAPI\MmmCommerceAPI.csproj", "{C2D2695F-CC9E-4B60-B456-97163B6D2AAE}"
EndProject
Project("{FAE04EC0-301F-11D3-BF4B-00C04F79EFBC}") = "MmmCommerceAPI.MongoDb", "MmmCommerceAPI.MongoDb\MmmCommerceAPI.MongoDb.csproj", "{A1C35F53-288D-4BF5-BB5B-5BBDDDDC0ED9}"
EndProject
Global
	GlobalSection(SolutionConfigurationPlatforms) = preSolution
		Debug|Any CPU = Debug|Any CPU
		Release|Any CPU = Release|Any CPU
	EndGlobalSection
	GlobalSection(ProjectConfigurationPlatforms) = postSolution
		{C2D2695F-CC9E-4B60-B456-97163B6D2AAE}.Debug|Any CPU.ActiveCfg = Debug|Any CPU
		{C2D2695F-CC9E-4B60-B456-97163B6D2AAE}.Debug|Any CPU.Build.0 = Debug|Any CPU
		{C2D2695F-CC9E-4B60-B456-97163B6D2AAE}.Release|Any CPU.ActiveCfg = Release|Any CPU
		{C2D2695F-CC9E-4B60-B456-97163B6D2AAE}.Release|Any CPU.Build.0 = Release|Any CPU
		{A1C35F53-288D-4BF5-BB5B-5BBDDDDC0ED9}.Debug|Any CPU.ActiveCfg = Debug|Any CPU
		{A1C35F53-288D-4BF5-BB5B-5BBDDDDC0ED9}.Debug|Any CPU.Build.0 = Debug|Any CPU
		{A1C35F53-288D-4BF5-BB5B-5BBDDDDC0ED9}.Release|Any CPU.ActiveCfg = Release|Any CPU
		{A1C35F53-288D-4BF5-BB5B-5BBDDDDC0ED9}.Release|Any CPU.Build.0 = Release|Any CPU
	EndGlobalSection
	GlobalSection(SolutionProperties) = preSolution
		HideSolutionNode = FALSE
	EndGlobalSection
	GlobalSection(ExtensibilityGlobals) = postSolution
		SolutionGuid = {48A7CA27-04C3-4A57-828B-81EC1154156C}
	EndGlobalSection
EndGlobal
